DEPENDENCIES
  apt
  chef-dk
  chef-zero
  git
  java
  jenkins
  lookout-pipe
    git: https://source.corp.lookout.com/msilva/lookout-pipeline.git
    revision: b05d6f9991731caa550b4a09c5af1dd9c735bda6
  pipeline
    git: https://github.com/mauriciosilva/pipeline.git
    revision: ec17d244e898fef46e696bffbefa776ec006c5d9
  yum

GRAPH
  apt (2.8.2)
  build-essential (2.2.4)
  chef-dk (3.1.0)
    dmg (~> 2.2)
  chef-zero (2.0.1)
    build-essential (>= 0.0.0)
  chef_handler (1.2.0)
  dmg (2.2.2)
  git (4.3.4)
    build-essential (>= 0.0.0)
    dmg (>= 0.0.0)
    windows (>= 0.0.0)
    yum-epel (>= 0.0.0)
  java (1.35.0)
  jenkins (2.4.1)
    apt (~> 2.0)
    runit (~> 1.5)
    yum (~> 3.0)
  lookout-pipe (0.1.0)
    chef-zero (>= 0.0.0)
    pipeline (>= 0.0.0)
  packagecloud (0.1.0)
  pipeline (2.3.4)
    apt (>= 0.0.0)
    build-essential (>= 0.0.0)
    chef-dk (>= 0.0.0)
    chef-zero (>= 0.0.0)
    git (>= 0.0.0)
    java (>= 0.0.0)
    jenkins (>= 0.0.0)
    sudo (>= 0.0.0)
    yum (>= 0.0.0)
  runit (1.7.4)
    packagecloud (>= 0.0.0)
  sudo (2.7.2)
  windows (1.38.2)
    chef_handler (>= 0.0.0)
  yum (3.8.1)
  yum-epel (0.6.3)
    yum (~> 3.2)
