DEPENDENCIES
  apt
  chef-dk
  chef-zero
  git
  gitlab
    git: https://github.com/chef-solutions/gitlab.git
    revision: 76b466f54e22092570c38f5da9b29897ec833dd8
  java
  jenkins
  pipeline
    git: https://github.com/chef-solutions/pipeline.git
    revision: 18093337953da67f8e298934f75e8d91bfc3cc20
  vim
    git: https://github.com/mauriciosilva/vim-plugin.git
    revision: 561631870ebf1c1f274bb81fda41f8682a5a7b1d
  yum

GRAPH
  apt (2.7.0)
  build-essential (2.2.3)
  chef-dk (3.1.0)
    dmg (~> 2.2)
  chef-sugar (3.1.1)
  chef-zero (2.0.1)
    build-essential (>= 0.0.0)
  chef_handler (1.2.0)
  dmg (2.2.2)
  emacs (0.10.0)
  git (4.2.2)
    build-essential (>= 0.0.0)
    dmg (>= 0.0.0)
    windows (>= 0.0.0)
    yum-epel (>= 0.0.0)
  gitlab (0.2.3)
    apt (>= 0.0.0)
    openssl (>= 0.0.0)
    postfix (>= 0.0.0)
    sshd (>= 0.0.0)
    yum (>= 0.0.0)
  java (1.31.0)
  jenkins (2.3.1)
    apt (~> 2.0)
    runit (~> 1.5)
    yum (~> 3.0)
  openssl (4.2.0)
    chef-sugar (>= 0.0.0)
  packagecloud (0.0.19)
  pipeline (2.3.2)
    apt (>= 0.0.0)
    chef-dk (>= 0.0.0)
    chef-zero (>= 0.0.0)
    emacs (>= 0.0.0)
    git (>= 0.0.0)
    java (>= 0.0.0)
    jenkins (>= 0.0.0)
    sudo (>= 0.0.0)
    yum (>= 0.0.0)
  postfix (3.7.0)
  runit (1.7.2)
    packagecloud (>= 0.0.0)
  sshd (1.1.1)
  sudo (2.7.2)
  vim (1.0.0)
    apt (>= 0.0.0)
    build-essential (>= 0.0.0)
    git (>= 0.0.0)
  windows (1.37.0)
    chef_handler (>= 0.0.0)
  yum (3.6.3)
  yum-epel (0.6.2)
    yum (~> 3.2)
